// !$*UTF8*$!
{
	archiveVersion = 1;
	classes = {
	};
	objectVersion = 46;
	objects = {

/* Begin PBXBuildFile section */
		D0E1E5851C327BFF009B0359 /* AppDelegate.swift in Sources */ = {isa = PBXBuildFile; fileRef = D0E1E5841C327BFF009B0359 /* AppDelegate.swift */; };
		D0E1E5871C327BFF009B0359 /* ViewController.swift in Sources */ = {isa = PBXBuildFile; fileRef = D0E1E5861C327BFF009B0359 /* ViewController.swift */; };
		D0E1E58A1C327BFF009B0359 /* Main.storyboard in Resources */ = {isa = PBXBuildFile; fileRef = D0E1E5881C327BFF009B0359 /* Main.storyboard */; };
		D0E1E58C1C327BFF009B0359 /* Assets.xcassets in Resources */ = {isa = PBXBuildFile; fileRef = D0E1E58B1C327BFF009B0359 /* Assets.xcassets */; };
		D0E1E58F1C327BFF009B0359 /* LaunchScreen.storyboard in Resources */ = {isa = PBXBuildFile; fileRef = D0E1E58D1C327BFF009B0359 /* LaunchScreen.storyboard */; };
/* End PBXBuildFile section */

/* Begin PBXFileReference section */
		D0E1E5811C327BFE009B0359 /* AutoLayoutDemo-Swift.app */ = {isa = PBXFileReference; explicitFileType = wrapper.application; includeInIndex = 0; path = "AutoLayoutDemo-Swift.app"; sourceTree = BUILT_PRODUCTS_DIR; };
		D0E1E5841C327BFF009B0359 /* AppDelegate.swift */ = {isa = PBXFileReference; lastKnownFileType = sourcecode.swift; path = AppDelegate.swift; sourceTree = "<group>"; };
		D0E1E5861C327BFF009B0359 /* ViewController.swift */ = {isa = PBXFileReference; lastKnownFileType = sourcecode.swift; path = ViewController.swift; sourceTree = "<group>"; };
		D0E1E5891C327BFF009B0359 /* Base */ = {isa = PBXFileReference; lastKnownFileType = file.storyboard; name = Base; path = Base.lproj/Main.storyboard; sourceTree = "<group>"; };
		D0E1E58B1C327BFF009B0359 /* Assets.xcassets */ = {isa = PBXFileReference; lastKnownFileType = folder.assetcatalog; path = Assets.xcassets; sourceTree = "<group>"; };
		D0E1E58E1C327BFF009B0359 /* Base */ = {isa = PBXFileReference; lastKnownFileType = file.storyboard; name = Base; path = Base.lproj/LaunchScreen.storyboard; sourceTree = "<group>"; };
		D0E1E5901C327BFF009B0359 /* Info.plist */ = {isa = PBXFileReference; lastKnownFileType = text.plist.xml; path = Info.plist; sourceTree = "<group>"; };
/* End PBXFileReference section */

/* Begin PBXFrameworksBuildPhase section */
		D0E1E57E1C327BFE009B0359 /* Frameworks */ = {
			isa = PBXFrameworksBuildPhase;
			buildActionMask = 2147483647;
			files = (
			);
			runOnlyForDeploymentPostprocessing = 0;
		};
/* End PBXFrameworksBuildPhase section */

/* Begin PBXGroup section */
		D0E1E5781C327BFE009B0359 = {
			isa = PBXGroup;
			children = (
				D0E1E5831C327BFE009B0359 /* AutoLayoutDemo-Swift */,
				D0E1E5821C327BFE009B0359 /* Products */,
			);
			sourceTree = "<group>";
		};
		D0E1E5821C327BFE009B0359 /* Products */ = {
			isa = PBXGroup;
			children = (
				D0E1E5811C327BFE009B0359 /* AutoLayoutDemo-Swift.app */,
			);
			name = Products;
			sourceTree = "<group>";
		};
		D0E1E5831C327BFE009B0359 /* AutoLayoutDemo-Swift */ = {
			isa = PBXGroup;
			children = (
				D0E1E5841C327BFF009B0359 /* AppDelegate.swift */,
				D0E1E5861C327BFF009B0359 /* ViewController.swift */,
				D0E1E5881C327BFF009B0359 /* Main.storyboard */,
				D0E1E58B1C327BFF009B0359 /* Assets.xcassets */,
				D0E1E58D1C327BFF009B0359 /* LaunchScreen.storyboard */,
				D0E1E5901C327BFF009B0359 /* Info.plist */,
			);
			path = "AutoLayoutDemo-Swift";
			sourceTree = "<group>";
		};
/* End PBXGroup section */

/* Begin PBXNativeTarget section */
		D0E1E5801C327BFE009B0359 /* AutoLayoutDemo-Swift */ = {
			isa = PBXNativeTarget;
			buildConfigurationList = D0E1E5931C327BFF009B0359 /* Build configuration list for PBXNativeTarget "AutoLayoutDemo-Swift" */;
			buildPhases = (
				D0E1E57D1C327BFE009B0359 /* Sources */,
				D0E1E57E1C327BFE009B0359 /* Frameworks */,
				D0E1E57F1C327BFE009B0359 /* Resources */,
			);
			buildRules = (
			);
			dependencies = (
			);
			name = "AutoLayoutDemo-Swift";
			productName = "AutoLayoutDemo-Swift";
			productReference = D0E1E5811C327BFE009B0359 /* AutoLayoutDemo-Swift.app */;
			productType = "com.apple.product-type.application";
		};
/* End PBXNativeTarget section */

/* Begin PBXProject section */
		D0E1E5791C327BFE009B0359 /* Project object */ = {
			isa = PBXProject;
			attributes = {
				LastSwiftUpdateCheck = 0720;
				LastUpgradeCheck = 0720;
				ORGANIZATIONNAME = "尹现伟";
				TargetAttributes = {
					D0E1E5801C327BFE009B0359 = {
						CreatedOnToolsVersion = 7.2;
					};
				};
			};
			buildConfigurationList = D0E1E57C1C327BFE009B0359 /* Build configuration list for PBXProject "AutoLayoutDemo-Swift" */;
			compatibilityVersion = "Xcode 3.2";
			developmentRegion = English;
			hasScannedForEncodings = 0;
			knownRegions = (
				en,
				Base,
			);
			mainGroup = D0E1E5781C327BFE009B0359;
			productRefGroup = D0E1E5821C327BFE009B0359 /* Products */;
			projectDirPath = "";
			projectRoot = "";
			targets = (
				D0E1E5801C327BFE009B0359 /* AutoLayoutDemo-Swift */,
			);
		};
/* End PBXProject section */

/* Begin PBXResourcesBuildPhase section */
		D0E1E57F1C327BFE009B0359 /* Resources */ = {
			isa = PBXResourcesBuildPhase;
			buildActionMask = 2147483647;
			files = (
				D0E1E58F1C327BFF009B0359 /* LaunchScreen.storyboard in Resources */,
				D0E1E58C1C327BFF009B0359 /* Assets.xcassets in Resources */,
				D0E1E58A1C327BFF009B0359 /* Main.storyboard in Resources */,
			);
			runOnlyForDeploymentPostprocessing = 0;
		};
/* End PBXResourcesBuildPhase section */

/* Begin PBXSourcesBuildPhase section */
		D0E1E57D1C327BFE009B0359 /* Sources */ = {
			isa = PBXSourcesBuildPhase;
			buildActionMask = 2147483647;
			files = (
				D0E1E5871C327BFF009B0359 /* ViewController.swift in Sources */,
				D0E1E5851C327BFF009B0359 /* AppDelegate.swift in Sources */,
			);
			runOnlyForDeploymentPostprocessing = 0;
		};
/* End PBXSourcesBuildPhase section */

/* Begin PBXVariantGroup section */
		D0E1E5881C327BFF009B0359 /* Main.storyboard */ = {
			isa = PBXVariantGroup;
			children = (
				D0E1E5891C327BFF009B0359 /* Base */,
			);
			name = Main.storyboard;
			sourceTree = "<group>";
		};
		D0E1E58D1C327BFF009B0359 /* LaunchScreen.storyboard */ = {
			isa = PBXVariantGroup;
			children = (
				D0E1E58E1C327BFF009B0359 /* Base */,
			);
			name = LaunchScreen.storyboard;
			sourceTree = "<group>";
		};
/* End PBXVariantGroup section */

/* Begin XCBuildConfiguration section */
		D0E1E5911C327BFF009B0359 /* Debug */ = {
			isa = XCBuildConfiguration;
			buildSettings = {
				ALWAYS_SEARCH_USER_PATHS = NO;
				CLANG_CXX_LANGUAGE_STANDARD = "gnu++0x";
				CLANG_CXX_LIBRARY = "libc++";
				CLANG_ENABLE_MODULES = YES;
				CLANG_ENABLE_OBJC_ARC = YES;
				CLANG_WARN_BOOL_CONVERSION = YES;
				CLANG_WARN_CONSTANT_CONVERSION = YES;
				CLANG_WARN_DIRECT_OBJC_ISA_USAGE = YES_ERROR;
				CLANG_WARN_EMPTY_BODY = YES;
				CLANG_WARN_ENUM_CONVERSION = YES;
				CLANG_WARN_INT_CONVERSION = YES;
				CLANG_WARN_OBJC_ROOT_CLASS = YES_ERROR;
				CLANG_WARN_UNREACHABLE_CODE = YES;
				CLANG_WARN__DUPLICATE_METHOD_MATCH = YES;
				"CODE_SIGN_IDENTITY[sdk=iphoneos*]" = "iPhone Developer";
				COPY_PHASE_STRIP = NO;
				DEBUG_INFORMATION_FORMAT = dwarf;
				ENABLE_STRICT_OBJC_MSGSEND = YES;
				ENABLE_TESTABILITY = YES;
				GCC_C_LANGUAGE_STANDARD = gnu99;
				GCC_DYNAMIC_NO_PIC = NO;
				GCC_NO_COMMON_BLOCKS = YES;
				GCC_OPTIMIZATION_LEVEL = 0;
				GCC_PREPROCESSOR_DEFINITIONS = (
					"DEBUG=1",
					"$(inherited)",
				);
				GCC_WARN_64_TO_32_BIT_CONVERSION = YES;
				GCC_WARN_ABOUT_RETURN_TYPE = YES_ERROR;
				GCC_WARN_UNDECLARED_SELECTOR = YES;
				GCC_WARN_UNINITIALIZED_AUTOS = YES_AGGRESSIVE;
				GCC_WARN_UNUSED_FUNCTION = YES;
				GCC_WARN_UNUSED_VARIABLE = YES;
				IPHONEOS_DEPLOYMENT_TARGET = 9.2;
				MTL_ENABLE_DEBUG_INFO = YES;
				ONLY_ACTIVE_ARCH = YES;
				SDKROOT = iphoneos;
				SWIFT_OPTIMIZATION_LEVEL = "-Onone";
			};
			name = Debug;
		};
		D0E1E5921C327BFF009B0359 /* Release */ = {
			isa = XCBuildConfiguration;
			buildSettings = {
				ALWAYS_SEARCH_USER_PATHS = NO;
				CLANG_CXX_LANGUAGE_STANDARD = "gnu++0x";
				CLANG_CXX_LIBRARY = "libc++";
				CLANG_ENABLE_MODULES = YES;
				CLANG_ENABLE_OBJC_ARC = YES;
				CLANG_WARN_BOOL_CONVERSION = YES;
				CLANG_WARN_CONSTANT_CONVERSION = YES;
				CLANG_WARN_DIRECT_OBJC_ISA_USAGE = YES_ERROR;
				CLANG_WARN_EMPTY_BODY = YES;
				CLANG_WARN_ENUM_CONVERSION = YES;
				CLANG_WARN_INT_CONVERSION = YES;
				CLANG_WARN_OBJC_ROOT_CLASS = YES_ERROR;
				CLANG_WARN_UNREACHABLE_CODE = YES;
				CLANG_WARN__DUPLICATE_METHOD_MATCH = YES;
				"CODE_SIGN_IDENTITY[sdk=iphoneos*]" = "iPhone Developer";
				COPY_PHASE_STRIP = NO;
				DEBUG_INFORMATION_FORMAT = "dwarf-with-dsym";
				ENABLE_NS_ASSERTIONS = NO;
				ENABLE_STRICT_OBJC_MSGSEND = YES;
				GCC_C_LANGUAGE_STANDARD = gnu99;
				GCC_NO_COMMON_BLOCKS = YES;
				GCC_WARN_64_TO_32_BIT_CONVERSION = YES;
				GCC_WARN_ABOUT_RETURN_TYPE = YES_ERROR;
				GCC_WARN_UNDECLARED_SELECTOR = YES;
				GCC_WARN_UNINITIALIZED_AUTOS = YES_AGGRESSIVE;
				GCC_WARN_UNUSED_FUNCTION = YES;
				GCC_WARN_UNUSED_VARIABLE = YES;
				IPHONEOS_DEPLOYMENT_TARGET = 9.2;
				MTL_ENABLE_DEBUG_INFO = NO;
				SDKROOT = iphoneos;
				VALIDATE_PRODUCT = YES;
			};
			name = Release;
		};
		D0E1E5941C327BFF009B0359 /* Debug */ = {
			isa = XCBuildConfiguration;
			buildSettings = {
				ASSETCATALOG_COMPILER_APPICON_NAME = AppIcon;
				INFOPLIST_FILE = "AutoLayoutDemo-Swift/Info.plist";
				LD_RUNPATH_SEARCH_PATHS = "$(inherited) @executable_path/Frameworks";
				PRODUCT_BUNDLE_IDENTIFIER = "com.mei1.AutoLayoutDemo-Swift";
				PRODUCT_NAME = "$(TARGET_NAME)";
			};
			name = Debug;
		};
		D0E1E5951C327BFF009B0359 /* Release */ = {
			isa = XCBuildConfiguration;
			buildSettings = {
				ASSETCATALOG_COMPILER_APPICON_NAME = AppIcon;
				INFOPLIST_FILE = "AutoLayoutDemo-Swift/Info.plist";
				LD_RUNPATH_SEARCH_PATHS = "$(inherited) @executable_path/Frameworks";
				PRODUCT_BUNDLE_IDENTIFIER = "com.mei1.AutoLayoutDemo-Swift";
				PRODUCT_NAME = "$(TARGET_NAME)";
			};
			name = Release;
		};
/* End XCBuildConfiguration section */

/* Begin XCConfigurationList section */
		D0E1E57C1C327BFE009B0359 /* Build configuration list for PBXProject "AutoLayoutDemo-Swift" */ = {
			isa = XCConfigurationList;
			buildConfigurations = (
				D0E1E5911C327BFF009B0359 /* Debug */,
				D0E1E5921C327BFF009B0359 /* Release */,
			);
			defaultConfigurationIsVisible = 0;
			defaultConfigurationName = Release;
		};
		D0E1E5931C327BFF009B0359 /* Build configuration list for PBXNativeTarget "AutoLayoutDemo-Swift" */ = {
			isa = XCConfigurationList;
			buildConfigurations = (
				D0E1E5941C327BFF009B0359 /* Debug */,
				D0E1E5951C327BFF009B0359 /* Release */,
			);
			defaultConfigurationIsVisible = 0;
		};
/* End XCConfigurationList section */
	};
	rootObject = D0E1E5791C327BFE009B0359 /* Project object */;
}
